
Microsoft Visual Studio Solution File, Format Version 12.00
# Visual Studio Version 17
VisualStudioVersion = 17.0.31903.59
MinimumVisualStudioVersion = 10.0.40219.1
Project("{2150E333-8FDC-42A3-9474-1A3956D46DE8}") = "src", "src", "{EECB484C-5A54-4BAD-AE7D-9F89656D6298}"
EndProject
Project("{FAE04EC0-301F-11D3-BF4B-00C04F79EFBC}") = "HRMS.Domain", "src\HRMS.Domain\HRMS.Domain.csproj", "{28959E7B-C4C5-4F3D-94A9-BECC445DCF60}"
EndProject
Project("{FAE04EC0-301F-11D3-BF4B-00C04F79EFBC}") = "HRMS.Application", "src\HRMS.Application\HRMS.Application.csproj", "{D969B172-6797-47A0-BF9D-D99468355D9C}"
EndProject
Project("{FAE04EC0-301F-11D3-BF4B-00C04F79EFBC}") = "HRMS.Infrastructure", "src\HRMS.Infrastructure\HRMS.Infrastructure.csproj", "{86F4541C-38CE-4C5D-9B67-D503D4BF11DB}"
EndProject
Project("{FAE04EC0-301F-11D3-BF4B-00C04F79EFBC}") = "HRMS.API", "src\HRMS.API\HRMS.API.csproj", "{3F0F3F97-CB23-42BF-9AC1-AEBAB837E4B4}"
EndProject
Global
	GlobalSection(SolutionConfigurationPlatforms) = preSolution
		Debug|Any CPU = Debug|Any CPU
		Release|Any CPU = Release|Any CPU
	EndGlobalSection
	GlobalSection(SolutionProperties) = preSolution
		HideSolutionNode = FALSE
	EndGlobalSection
	GlobalSection(ProjectConfigurationPlatforms) = postSolution
		{28959E7B-C4C5-4F3D-94A9-BECC445DCF60}.Debug|Any CPU.ActiveCfg = Debug|Any CPU
		{28959E7B-C4C5-4F3D-94A9-BECC445DCF60}.Debug|Any CPU.Build.0 = Debug|Any CPU
		{28959E7B-C4C5-4F3D-94A9-BECC445DCF60}.Release|Any CPU.ActiveCfg = Release|Any CPU
		{28959E7B-C4C5-4F3D-94A9-BECC445DCF60}.Release|Any CPU.Build.0 = Release|Any CPU
		{D969B172-6797-47A0-BF9D-D99468355D9C}.Debug|Any CPU.ActiveCfg = Debug|Any CPU
		{D969B172-6797-47A0-BF9D-D99468355D9C}.Debug|Any CPU.Build.0 = Debug|Any CPU
		{D969B172-6797-47A0-BF9D-D99468355D9C}.Release|Any CPU.ActiveCfg = Release|Any CPU
		{D969B172-6797-47A0-BF9D-D99468355D9C}.Release|Any CPU.Build.0 = Release|Any CPU
		{86F4541C-38CE-4C5D-9B67-D503D4BF11DB}.Debug|Any CPU.ActiveCfg = Debug|Any CPU
		{86F4541C-38CE-4C5D-9B67-D503D4BF11DB}.Debug|Any CPU.Build.0 = Debug|Any CPU
		{86F4541C-38CE-4C5D-9B67-D503D4BF11DB}.Release|Any CPU.ActiveCfg = Release|Any CPU
		{86F4541C-38CE-4C5D-9B67-D503D4BF11DB}.Release|Any CPU.Build.0 = Release|Any CPU
		{3F0F3F97-CB23-42BF-9AC1-AEBAB837E4B4}.Debug|Any CPU.ActiveCfg = Debug|Any CPU
		{3F0F3F97-CB23-42BF-9AC1-AEBAB837E4B4}.Debug|Any CPU.Build.0 = Debug|Any CPU
		{3F0F3F97-CB23-42BF-9AC1-AEBAB837E4B4}.Release|Any CPU.ActiveCfg = Release|Any CPU
		{3F0F3F97-CB23-42BF-9AC1-AEBAB837E4B4}.Release|Any CPU.Build.0 = Release|Any CPU
	EndGlobalSection
	GlobalSection(NestedProjects) = preSolution
		{28959E7B-C4C5-4F3D-94A9-BECC445DCF60} = {EECB484C-5A54-4BAD-AE7D-9F89656D6298}
		{D969B172-6797-47A0-BF9D-D99468355D9C} = {EECB484C-5A54-4BAD-AE7D-9F89656D6298}
		{86F4541C-38CE-4C5D-9B67-D503D4BF11DB} = {EECB484C-5A54-4BAD-AE7D-9F89656D6298}
		{3F0F3F97-CB23-42BF-9AC1-AEBAB837E4B4} = {EECB484C-5A54-4BAD-AE7D-9F89656D6298}
	EndGlobalSection
EndGlobal
